
Microsoft Visual Studio Solution File, Format Version 12.00
# Visual Studio Version 17
VisualStudioVersion = 17.11.35312.102
MinimumVisualStudioVersion = 10.0.40219.1
Project("{FAE04EC0-301F-11D3-BF4B-00C04F79EFBC}") = "CarRentalSystem", "CarRentalSystem\CarRentalSystem.csproj", "{78FA6723-E31B-49C9-B05B-95B68F715FAB}"
EndProject
Global
	GlobalSection(SolutionConfigurationPlatforms) = preSolution
		Debug|Any CPU = Debug|Any CPU
		Release|Any CPU = Release|Any CPU
	EndGlobalSection
	GlobalSection(ProjectConfigurationPlatforms) = postSolution
		{78FA6723-E31B-49C9-B05B-95B68F715FAB}.Debug|Any CPU.ActiveCfg = Debug|Any CPU
		{78FA6723-E31B-49C9-B05B-95B68F715FAB}.Debug|Any CPU.Build.0 = Debug|Any CPU
		{78FA6723-E31B-49C9-B05B-95B68F715FAB}.Release|Any CPU.ActiveCfg = Release|Any CPU
		{78FA6723-E31B-49C9-B05B-95B68F715FAB}.Release|Any CPU.Build.0 = Release|Any CPU
	EndGlobalSection
	GlobalSection(SolutionProperties) = preSolution
		HideSolutionNode = FALSE
	EndGlobalSection
	GlobalSection(ExtensibilityGlobals) = postSolution
		SolutionGuid = {E259E043-AC06-4FAA-868A-C3A2F7C41D69}
	EndGlobalSection
EndGlobal
